
Microsoft Visual Studio Solution File, Format Version 12.00
# Visual Studio Version 16
VisualStudioVersion = 16.0.31205.134
MinimumVisualStudioVersion = 10.0.40219.1
Project("{FAE04EC0-301F-11D3-BF4B-00C04F79EFBC}") = "AdvancedField.HashWeb", "AdvancedField.HashWeb\AdvancedField.HashWeb.csproj", "{F312B039-95A1-470C-AC72-A24C6413EAD5}"
EndProject
Project("{FAE04EC0-301F-11D3-BF4B-00C04F79EFBC}") = "AdvancedField.FunTranslation", "AdvancedField.FunTranslation\AdvancedField.FunTranslation.csproj", "{AD43D08F-7A68-41B7-8E36-E41B20DD1730}"
EndProject
Project("{FAE04EC0-301F-11D3-BF4B-00C04F79EFBC}") = "Core.DatabaseInfrastructure", "Core.DatabaseInfrastructure\Core.DatabaseInfrastructure.csproj", "{127BBF1E-B981-426A-8DD0-36C789EF068B}"
EndProject
Global
	GlobalSection(SolutionConfigurationPlatforms) = preSolution
		Debug|Any CPU = Debug|Any CPU
		Release|Any CPU = Release|Any CPU
	EndGlobalSection
	GlobalSection(ProjectConfigurationPlatforms) = postSolution
		{F312B039-95A1-470C-AC72-A24C6413EAD5}.Debug|Any CPU.ActiveCfg = Debug|Any CPU
		{F312B039-95A1-470C-AC72-A24C6413EAD5}.Debug|Any CPU.Build.0 = Debug|Any CPU
		{F312B039-95A1-470C-AC72-A24C6413EAD5}.Release|Any CPU.ActiveCfg = Release|Any CPU
		{F312B039-95A1-470C-AC72-A24C6413EAD5}.Release|Any CPU.Build.0 = Release|Any CPU
		{AD43D08F-7A68-41B7-8E36-E41B20DD1730}.Debug|Any CPU.ActiveCfg = Debug|Any CPU
		{AD43D08F-7A68-41B7-8E36-E41B20DD1730}.Debug|Any CPU.Build.0 = Debug|Any CPU
		{AD43D08F-7A68-41B7-8E36-E41B20DD1730}.Release|Any CPU.ActiveCfg = Release|Any CPU
		{AD43D08F-7A68-41B7-8E36-E41B20DD1730}.Release|Any CPU.Build.0 = Release|Any CPU
		{127BBF1E-B981-426A-8DD0-36C789EF068B}.Debug|Any CPU.ActiveCfg = Debug|Any CPU
		{127BBF1E-B981-426A-8DD0-36C789EF068B}.Debug|Any CPU.Build.0 = Debug|Any CPU
		{127BBF1E-B981-426A-8DD0-36C789EF068B}.Release|Any CPU.ActiveCfg = Release|Any CPU
		{127BBF1E-B981-426A-8DD0-36C789EF068B}.Release|Any CPU.Build.0 = Release|Any CPU
	EndGlobalSection
	GlobalSection(SolutionProperties) = preSolution
		HideSolutionNode = FALSE
	EndGlobalSection
	GlobalSection(ExtensibilityGlobals) = postSolution
		SolutionGuid = {F40452D5-C84A-41C6-95A1-5E6F6C2EE404}
	EndGlobalSection
EndGlobal
